// !$*UTF8*$!
{
	archiveVersion = 1;
	classes = {
	};
	objectVersion = 50;
	objects = {

/* Begin PBXBuildFile section */
		7BD95E1A219DEC170089EF7C /* AppDelegate.swift in Sources */ = {isa = PBXBuildFile; fileRef = 7BD95E19219DEC170089EF7C /* AppDelegate.swift */; };
		7BD95E1C219DEC170089EF7C /* ViewController.swift in Sources */ = {isa = PBXBuildFile; fileRef = 7BD95E1B219DEC170089EF7C /* ViewController.swift */; };
		7BD95E1F219DEC170089EF7C /* Main.storyboard in Resources */ = {isa = PBXBuildFile; fileRef = 7BD95E1D219DEC170089EF7C /* Main.storyboard */; };
		7BD95E22219DEC170089EF7C /* CoreLocationFun.xcdatamodeld in Sources */ = {isa = PBXBuildFile; fileRef = 7BD95E20219DEC170089EF7C /* CoreLocationFun.xcdatamodeld */; };
		7BD95E24219DEC180089EF7C /* Assets.xcassets in Resources */ = {isa = PBXBuildFile; fileRef = 7BD95E23219DEC180089EF7C /* Assets.xcassets */; };
		7BD95E27219DEC180089EF7C /* LaunchScreen.storyboard in Resources */ = {isa = PBXBuildFile; fileRef = 7BD95E25219DEC180089EF7C /* LaunchScreen.storyboard */; };
/* End PBXBuildFile section */

/* Begin PBXFileReference section */
		7BD95E16219DEC170089EF7C /* CoreLocationFun.app */ = {isa = PBXFileReference; explicitFileType = wrapper.application; includeInIndex = 0; path = CoreLocationFun.app; sourceTree = BUILT_PRODUCTS_DIR; };
		7BD95E19219DEC170089EF7C /* AppDelegate.swift */ = {isa = PBXFileReference; lastKnownFileType = sourcecode.swift; path = AppDelegate.swift; sourceTree = "<group>"; };
		7BD95E1B219DEC170089EF7C /* ViewController.swift */ = {isa = PBXFileReference; lastKnownFileType = sourcecode.swift; path = ViewController.swift; sourceTree = "<group>"; };
		7BD95E1E219DEC170089EF7C /* Base */ = {isa = PBXFileReference; lastKnownFileType = file.storyboard; name = Base; path = Base.lproj/Main.storyboard; sourceTree = "<group>"; };
		7BD95E21219DEC170089EF7C /* CoreLocationFun.xcdatamodel */ = {isa = PBXFileReference; lastKnownFileType = wrapper.xcdatamodel; path = CoreLocationFun.xcdatamodel; sourceTree = "<group>"; };
		7BD95E23219DEC180089EF7C /* Assets.xcassets */ = {isa = PBXFileReference; lastKnownFileType = folder.assetcatalog; path = Assets.xcassets; sourceTree = "<group>"; };
		7BD95E26219DEC180089EF7C /* Base */ = {isa = PBXFileReference; lastKnownFileType = file.storyboard; name = Base; path = Base.lproj/LaunchScreen.storyboard; sourceTree = "<group>"; };
		7BD95E28219DEC180089EF7C /* Info.plist */ = {isa = PBXFileReference; lastKnownFileType = text.plist.xml; path = Info.plist; sourceTree = "<group>"; };
/* End PBXFileReference section */

/* Begin PBXFrameworksBuildPhase section */
		7BD95E13219DEC170089EF7C /* Frameworks */ = {
			isa = PBXFrameworksBuildPhase;
			buildActionMask = 2147483647;
			files = (
			);
			runOnlyForDeploymentPostprocessing = 0;
		};
/* End PBXFrameworksBuildPhase section */

/* Begin PBXGroup section */
		7BD95E0D219DEC170089EF7C = {
			isa = PBXGroup;
			children = (
				7BD95E18219DEC170089EF7C /* CoreLocationFun */,
				7BD95E17219DEC170089EF7C /* Products */,
			);
			sourceTree = "<group>";
		};
		7BD95E17219DEC170089EF7C /* Products */ = {
			isa = PBXGroup;
			children = (
				7BD95E16219DEC170089EF7C /* CoreLocationFun.app */,
			);
			name = Products;
			sourceTree = "<group>";
		};
		7BD95E18219DEC170089EF7C /* CoreLocationFun */ = {
			isa = PBXGroup;
			children = (
				7BD95E19219DEC170089EF7C /* AppDelegate.swift */,
				7BD95E1B219DEC170089EF7C /* ViewController.swift */,
				7BD95E1D219DEC170089EF7C /* Main.storyboard */,
				7BD95E23219DEC180089EF7C /* Assets.xcassets */,
				7BD95E25219DEC180089EF7C /* LaunchScreen.storyboard */,
				7BD95E28219DEC180089EF7C /* Info.plist */,
				7BD95E20219DEC170089EF7C /* CoreLocationFun.xcdatamodeld */,
			);
			path = CoreLocationFun;
			sourceTree = "<group>";
		};
/* End PBXGroup section */

/* Begin PBXNativeTarget section */
		7BD95E15219DEC170089EF7C /* CoreLocationFun */ = {
			isa = PBXNativeTarget;
			buildConfigurationList = 7BD95E2B219DEC180089EF7C /* Build configuration list for PBXNativeTarget "CoreLocationFun" */;
			buildPhases = (
				7BD95E12219DEC170089EF7C /* Sources */,
				7BD95E13219DEC170089EF7C /* Frameworks */,
				7BD95E14219DEC170089EF7C /* Resources */,
			);
			buildRules = (
			);
			dependencies = (
			);
			name = CoreLocationFun;
			productName = CoreLocationFun;
			productReference = 7BD95E16219DEC170089EF7C /* CoreLocationFun.app */;
			productType = "com.apple.product-type.application";
		};
/* End PBXNativeTarget section */

/* Begin PBXProject section */
		7BD95E0E219DEC170089EF7C /* Project object */ = {
			isa = PBXProject;
			attributes = {
				LastSwiftUpdateCheck = 1000;
				LastUpgradeCheck = 1000;
				ORGANIZATIONNAME = "Chucka, Zachary Tyler";
				TargetAttributes = {
					7BD95E15219DEC170089EF7C = {
						CreatedOnToolsVersion = 10.0;
					};
				};
			};
			buildConfigurationList = 7BD95E11219DEC170089EF7C /* Build configuration list for PBXProject "CoreLocationFun" */;
			compatibilityVersion = "Xcode 9.3";
			developmentRegion = en;
			hasScannedForEncodings = 0;
			knownRegions = (
				en,
				Base,
			);
			mainGroup = 7BD95E0D219DEC170089EF7C;
			productRefGroup = 7BD95E17219DEC170089EF7C /* Products */;
			projectDirPath = "";
			projectRoot = "";
			targets = (
				7BD95E15219DEC170089EF7C /* CoreLocationFun */,
			);
		};
/* End PBXProject section */

/* Begin PBXResourcesBuildPhase section */
		7BD95E14219DEC170089EF7C /* Resources */ = {
			isa = PBXResourcesBuildPhase;
			buildActionMask = 2147483647;
			files = (
				7BD95E27219DEC180089EF7C /* LaunchScreen.storyboard in Resources */,
				7BD95E24219DEC180089EF7C /* Assets.xcassets in Resources */,
				7BD95E1F219DEC170089EF7C /* Main.storyboard in Resources */,
			);
			runOnlyForDeploymentPostprocessing = 0;
		};
/* End PBXResourcesBuildPhase section */

/* Begin PBXSourcesBuildPhase section */
		7BD95E12219DEC170089EF7C /* Sources */ = {
			isa = PBXSourcesBuildPhase;
			buildActionMask = 2147483647;
			files = (
				7BD95E1C219DEC170089EF7C /* ViewController.swift in Sources */,
				7BD95E22219DEC170089EF7C /* CoreLocationFun.xcdatamodeld in Sources */,
				7BD95E1A219DEC170089EF7C /* AppDelegate.swift in Sources */,
			);
			runOnlyForDeploymentPostprocessing = 0;
		};
/* End PBXSourcesBuildPhase section */

/* Begin PBXVariantGroup section */
		7BD95E1D219DEC170089EF7C /* Main.storyboard */ = {
			isa = PBXVariantGroup;
			children = (
				7BD95E1E219DEC170089EF7C /* Base */,
			);
			name = Main.storyboard;
			sourceTree = "<group>";
		};
		7BD95E25219DEC180089EF7C /* LaunchScreen.storyboard */ = {
			isa = PBXVariantGroup;
			children = (
				7BD95E26219DEC180089EF7C /* Base */,
			);
			name = LaunchScreen.storyboard;
			sourceTree = "<group>";
		};
/* End PBXVariantGroup section */

/* Begin XCBuildConfiguration section */
		7BD95E29219DEC180089EF7C /* Debug */ = {
			isa = XCBuildConfiguration;
			buildSettings = {
				ALWAYS_SEARCH_USER_PATHS = NO;
				CLANG_ANALYZER_NONNULL = YES;
				CLANG_ANALYZER_NUMBER_OBJECT_CONVERSION = YES_AGGRESSIVE;
				CLANG_CXX_LANGUAGE_STANDARD = "gnu++14";
				CLANG_CXX_LIBRARY = "libc++";
				CLANG_ENABLE_MODULES = YES;
				CLANG_ENABLE_OBJC_ARC = YES;
				CLANG_ENABLE_OBJC_WEAK = YES;
				CLANG_WARN_BLOCK_CAPTURE_AUTORELEASING = YES;
				CLANG_WARN_BOOL_CONVERSION = YES;
				CLANG_WARN_COMMA = YES;
				CLANG_WARN_CONSTANT_CONVERSION = YES;
				CLANG_WARN_DEPRECATED_OBJC_IMPLEMENTATIONS = YES;
				CLANG_WARN_DIRECT_OBJC_ISA_USAGE = YES_ERROR;
				CLANG_WARN_DOCUMENTATION_COMMENTS = YES;
				CLANG_WARN_EMPTY_BODY = YES;
				CLANG_WARN_ENUM_CONVERSION = YES;
				CLANG_WARN_INFINITE_RECURSION = YES;
				CLANG_WARN_INT_CONVERSION = YES;
				CLANG_WARN_NON_LITERAL_NULL_CONVERSION = YES;
				CLANG_WARN_OBJC_IMPLICIT_RETAIN_SELF = YES;
				CLANG_WARN_OBJC_LITERAL_CONVERSION = YES;
				CLANG_WARN_OBJC_ROOT_CLASS = YES_ERROR;
				CLANG_WARN_RANGE_LOOP_ANALYSIS = YES;
				CLANG_WARN_STRICT_PROTOTYPES = YES;
				CLANG_WARN_SUSPICIOUS_MOVE = YES;
				CLANG_WARN_UNGUARDED_AVAILABILITY = YES_AGGRESSIVE;
				CLANG_WARN_UNREACHABLE_CODE = YES;
				CLANG_WARN__DUPLICATE_METHOD_MATCH = YES;
				CODE_SIGN_IDENTITY = "iPhone Developer";
				COPY_PHASE_STRIP = NO;
				DEBUG_INFORMATION_FORMAT = dwarf;
				ENABLE_STRICT_OBJC_MSGSEND = YES;
				ENABLE_TESTABILITY = YES;
				GCC_C_LANGUAGE_STANDARD = gnu11;
				GCC_DYNAMIC_NO_PIC = NO;
				GCC_NO_COMMON_BLOCKS = YES;
				GCC_OPTIMIZATION_LEVEL = 0;
				GCC_PREPROCESSOR_DEFINITIONS = (
					"DEBUG=1",
					"$(inherited)",
				);
				GCC_WARN_64_TO_32_BIT_CONVERSION = YES;
				GCC_WARN_ABOUT_RETURN_TYPE = YES_ERROR;
				GCC_WARN_UNDECLARED_SELECTOR = YES;
				GCC_WARN_UNINITIALIZED_AUTOS = YES_AGGRESSIVE;
				GCC_WARN_UNUSED_FUNCTION = YES;
				GCC_WARN_UNUSED_VARIABLE = YES;
				IPHONEOS_DEPLOYMENT_TARGET = 12.0;
				MTL_ENABLE_DEBUG_INFO = INCLUDE_SOURCE;
				MTL_FAST_MATH = YES;
				ONLY_ACTIVE_ARCH = YES;
				SDKROOT = iphoneos;
				SWIFT_ACTIVE_COMPILATION_CONDITIONS = DEBUG;
				SWIFT_OPTIMIZATION_LEVEL = "-Onone";
			};
			name = Debug;
		};
		7BD95E2A219DEC180089EF7C /* Release */ = {
			isa = XCBuildConfiguration;
			buildSettings = {
				ALWAYS_SEARCH_USER_PATHS = NO;
				CLANG_ANALYZER_NONNULL = YES;
				CLANG_ANALYZER_NUMBER_OBJECT_CONVERSION = YES_AGGRESSIVE;
				CLANG_CXX_LANGUAGE_STANDARD = "gnu++14";
				CLANG_CXX_LIBRARY = "libc++";
				CLANG_ENABLE_MODULES = YES;
				CLANG_ENABLE_OBJC_ARC = YES;
				CLANG_ENABLE_OBJC_WEAK = YES;
				CLANG_WARN_BLOCK_CAPTURE_AUTORELEASING = YES;
				CLANG_WARN_BOOL_CONVERSION = YES;
				CLANG_WARN_COMMA = YES;
				CLANG_WARN_CONSTANT_CONVERSION = YES;
				CLANG_WARN_DEPRECATED_OBJC_IMPLEMENTATIONS = YES;
				CLANG_WARN_DIRECT_OBJC_ISA_USAGE = YES_ERROR;
				CLANG_WARN_DOCUMENTATION_COMMENTS = YES;
				CLANG_WARN_EMPTY_BODY = YES;
				CLANG_WARN_ENUM_CONVERSION = YES;
				CLANG_WARN_INFINITE_RECURSION = YES;
				CLANG_WARN_INT_CONVERSION = YES;
				CLANG_WARN_NON_LITERAL_NULL_CONVERSION = YES;
				CLANG_WARN_OBJC_IMPLICIT_RETAIN_SELF = YES;
				CLANG_WARN_OBJC_LITERAL_CONVERSION = YES;
				CLANG_WARN_OBJC_ROOT_CLASS = YES_ERROR;
				CLANG_WARN_RANGE_LOOP_ANALYSIS = YES;
				CLANG_WARN_STRICT_PROTOTYPES = YES;
				CLANG_WARN_SUSPICIOUS_MOVE = YES;
				CLANG_WARN_UNGUARDED_AVAILABILITY = YES_AGGRESSIVE;
				CLANG_WARN_UNREACHABLE_CODE = YES;
				CLANG_WARN__DUPLICATE_METHOD_MATCH = YES;
				CODE_SIGN_IDENTITY = "iPhone Developer";
				COPY_PHASE_STRIP = NO;
				DEBUG_INFORMATION_FORMAT = "dwarf-with-dsym";
				ENABLE_NS_ASSERTIONS = NO;
				ENABLE_STRICT_OBJC_MSGSEND = YES;
				GCC_C_LANGUAGE_STANDARD = gnu11;
				GCC_NO_COMMON_BLOCKS = YES;
				GCC_WARN_64_TO_32_BIT_CONVERSION = YES;
				GCC_WARN_ABOUT_RETURN_TYPE = YES_ERROR;
				GCC_WARN_UNDECLARED_SELECTOR = YES;
				GCC_WARN_UNINITIALIZED_AUTOS = YES_AGGRESSIVE;
				GCC_WARN_UNUSED_FUNCTION = YES;
				GCC_WARN_UNUSED_VARIABLE = YES;
				IPHONEOS_DEPLOYMENT_TARGET = 12.0;
				MTL_ENABLE_DEBUG_INFO = NO;
				MTL_FAST_MATH = YES;
				SDKROOT = iphoneos;
				SWIFT_COMPILATION_MODE = wholemodule;
				SWIFT_OPTIMIZATION_LEVEL = "-O";
				VALIDATE_PRODUCT = YES;
			};
			name = Release;
		};
		7BD95E2C219DEC180089EF7C /* Debug */ = {
			isa = XCBuildConfiguration;
			buildSettings = {
				ASSETCATALOG_COMPILER_APPICON_NAME = AppIcon;
				CODE_SIGN_STYLE = Automatic;
				INFOPLIST_FILE = CoreLocationFun/Info.plist;
				LD_RUNPATH_SEARCH_PATHS = (
					"$(inherited)",
					"@executable_path/Frameworks",
				);
				PRODUCT_BUNDLE_IDENTIFIER = com.zacharyChucka.CoreLocationFun;
				PRODUCT_NAME = "$(TARGET_NAME)";
				SWIFT_VERSION = 4.2;
				TARGETED_DEVICE_FAMILY = "1,2";
			};
			name = Debug;
		};
		7BD95E2D219DEC180089EF7C /* Release */ = {
			isa = XCBuildConfiguration;
			buildSettings = {
				ASSETCATALOG_COMPILER_APPICON_NAME = AppIcon;
				CODE_SIGN_STYLE = Automatic;
				INFOPLIST_FILE = CoreLocationFun/Info.plist;
				LD_RUNPATH_SEARCH_PATHS = (
					"$(inherited)",
					"@executable_path/Frameworks",
				);
				PRODUCT_BUNDLE_IDENTIFIER = com.zacharyChucka.CoreLocationFun;
				PRODUCT_NAME = "$(TARGET_NAME)";
				SWIFT_VERSION = 4.2;
				TARGETED_DEVICE_FAMILY = "1,2";
			};
			name = Release;
		};
/* End XCBuildConfiguration section */

/* Begin XCConfigurationList section */
		7BD95E11219DEC170089EF7C /* Build configuration list for PBXProject "CoreLocationFun" */ = {
			isa = XCConfigurationList;
			buildConfigurations = (
				7BD95E29219DEC180089EF7C /* Debug */,
				7BD95E2A219DEC180089EF7C /* Release */,
			);
			defaultConfigurationIsVisible = 0;
			defaultConfigurationName = Release;
		};
		7BD95E2B219DEC180089EF7C /* Build configuration list for PBXNativeTarget "CoreLocationFun" */ = {
			isa = XCConfigurationList;
			buildConfigurations = (
				7BD95E2C219DEC180089EF7C /* Debug */,
				7BD95E2D219DEC180089EF7C /* Release */,
			);
			defaultConfigurationIsVisible = 0;
			defaultConfigurationName = Release;
		};
/* End XCConfigurationList section */

/* Begin XCVersionGroup section */
		7BD95E20219DEC170089EF7C /* CoreLocationFun.xcdatamodeld */ = {
			isa = XCVersionGroup;
			children = (
				7BD95E21219DEC170089EF7C /* CoreLocationFun.xcdatamodel */,
			);
			currentVersion = 7BD95E21219DEC170089EF7C /* CoreLocationFun.xcdatamodel */;
			path = CoreLocationFun.xcdatamodeld;
			sourceTree = "<group>";
			versionGroupType = wrapper.xcdatamodel;
		};
/* End XCVersionGroup section */
	};
	rootObject = 7BD95E0E219DEC170089EF7C /* Project object */;
}
